
Microsoft Visual Studio Solution File, Format Version 12.00
# Visual Studio 2012
Project("{FAE04EC0-301F-11D3-BF4B-00C04F79EFBC}") = "APIBlueprintParser", "APIBlueprintParser\APIBlueprintParser.csproj", "{72739657-B1E8-4F17-AE13-602159696C5C}"
EndProject
Project("{FAE04EC0-301F-11D3-BF4B-00C04F79EFBC}") = "APIBlueprintUnitTests", "APIBlueprintTests\APIBlueprintUnitTests.csproj", "{22FAFB9E-3249-4D9B-BF61-044F75D97FE1}"
EndProject
Project("{FAE04EC0-301F-11D3-BF4B-00C04F79EFBC}") = "APIBlueprintIntegrationTests", "APIBlueprintIntegrationTests\APIBlueprintIntegrationTests.csproj", "{943D4192-B79E-47A3-BE2F-8BAD97D1DCE1}"
EndProject
Project("{FAE04EC0-301F-11D3-BF4B-00C04F79EFBC}") = "APIBlueprintParserExec", "APIBlueprintParserExec\APIBlueprintParserExec.csproj", "{F65E2823-F103-4D47-8857-431D62CAD129}"
EndProject
Project("{FAE04EC0-301F-11D3-BF4B-00C04F79EFBC}") = "ApiGeneratorTest", "ApiGeneratorTest\ApiGeneratorTest.csproj", "{1F0B0EDB-0770-47D5-9DA1-CC90B45C6042}"
EndProject
Project("{FAE04EC0-301F-11D3-BF4B-00C04F79EFBC}") = "WebInterface", "WebInterface\WebInterface.csproj", "{C800CB1B-8076-4A2A-A442-6A035D876DBA}"
EndProject
Global
	GlobalSection(SolutionConfigurationPlatforms) = preSolution
		Debug|Any CPU = Debug|Any CPU
		Release|Any CPU = Release|Any CPU
	EndGlobalSection
	GlobalSection(ProjectConfigurationPlatforms) = postSolution
		{72739657-B1E8-4F17-AE13-602159696C5C}.Debug|Any CPU.ActiveCfg = Debug|Any CPU
		{72739657-B1E8-4F17-AE13-602159696C5C}.Debug|Any CPU.Build.0 = Debug|Any CPU
		{72739657-B1E8-4F17-AE13-602159696C5C}.Release|Any CPU.ActiveCfg = Release|Any CPU
		{72739657-B1E8-4F17-AE13-602159696C5C}.Release|Any CPU.Build.0 = Release|Any CPU
		{22FAFB9E-3249-4D9B-BF61-044F75D97FE1}.Debug|Any CPU.ActiveCfg = Debug|Any CPU
		{22FAFB9E-3249-4D9B-BF61-044F75D97FE1}.Debug|Any CPU.Build.0 = Debug|Any CPU
		{22FAFB9E-3249-4D9B-BF61-044F75D97FE1}.Release|Any CPU.ActiveCfg = Release|Any CPU
		{22FAFB9E-3249-4D9B-BF61-044F75D97FE1}.Release|Any CPU.Build.0 = Release|Any CPU
		{943D4192-B79E-47A3-BE2F-8BAD97D1DCE1}.Debug|Any CPU.ActiveCfg = Debug|Any CPU
		{943D4192-B79E-47A3-BE2F-8BAD97D1DCE1}.Debug|Any CPU.Build.0 = Debug|Any CPU
		{943D4192-B79E-47A3-BE2F-8BAD97D1DCE1}.Release|Any CPU.ActiveCfg = Release|Any CPU
		{943D4192-B79E-47A3-BE2F-8BAD97D1DCE1}.Release|Any CPU.Build.0 = Release|Any CPU
		{F65E2823-F103-4D47-8857-431D62CAD129}.Debug|Any CPU.ActiveCfg = Debug|Any CPU
		{F65E2823-F103-4D47-8857-431D62CAD129}.Debug|Any CPU.Build.0 = Debug|Any CPU
		{F65E2823-F103-4D47-8857-431D62CAD129}.Release|Any CPU.ActiveCfg = Release|Any CPU
		{F65E2823-F103-4D47-8857-431D62CAD129}.Release|Any CPU.Build.0 = Release|Any CPU
		{1F0B0EDB-0770-47D5-9DA1-CC90B45C6042}.Debug|Any CPU.ActiveCfg = Debug|Any CPU
		{1F0B0EDB-0770-47D5-9DA1-CC90B45C6042}.Debug|Any CPU.Build.0 = Debug|Any CPU
		{1F0B0EDB-0770-47D5-9DA1-CC90B45C6042}.Release|Any CPU.ActiveCfg = Release|Any CPU
		{1F0B0EDB-0770-47D5-9DA1-CC90B45C6042}.Release|Any CPU.Build.0 = Release|Any CPU
		{C800CB1B-8076-4A2A-A442-6A035D876DBA}.Debug|Any CPU.ActiveCfg = Debug|Any CPU
		{C800CB1B-8076-4A2A-A442-6A035D876DBA}.Debug|Any CPU.Build.0 = Debug|Any CPU
		{C800CB1B-8076-4A2A-A442-6A035D876DBA}.Release|Any CPU.ActiveCfg = Release|Any CPU
		{C800CB1B-8076-4A2A-A442-6A035D876DBA}.Release|Any CPU.Build.0 = Release|Any CPU
	EndGlobalSection
EndGlobal
